
Microsoft Visual Studio Solution File, Format Version 12.00
# Visual Studio Version 17
VisualStudioVersion = 17.11.35312.102
MinimumVisualStudioVersion = 10.0.40219.1
Project("{FAE04EC0-301F-11D3-BF4B-00C04F79EFBC}") = "OpenFood", "OpenFood\OpenFood.csproj", "{AED33926-C309-417B-BCC2-086EFD907370}"
EndProject
Global
	GlobalSection(SolutionConfigurationPlatforms) = preSolution
		Debug|Any CPU = Debug|Any CPU
		Release|Any CPU = Release|Any CPU
	EndGlobalSection
	GlobalSection(ProjectConfigurationPlatforms) = postSolution
		{AED33926-C309-417B-BCC2-086EFD907370}.Debug|Any CPU.ActiveCfg = Debug|Any CPU
		{AED33926-C309-417B-BCC2-086EFD907370}.Debug|Any CPU.Build.0 = Debug|Any CPU
		{AED33926-C309-417B-BCC2-086EFD907370}.Release|Any CPU.ActiveCfg = Release|Any CPU
		{AED33926-C309-417B-BCC2-086EFD907370}.Release|Any CPU.Build.0 = Release|Any CPU
	EndGlobalSection
	GlobalSection(SolutionProperties) = preSolution
		HideSolutionNode = FALSE
	EndGlobalSection
	GlobalSection(ExtensibilityGlobals) = postSolution
		SolutionGuid = {11117FB3-B920-411B-9A2A-CA56B546B669}
	EndGlobalSection
EndGlobal
